
Microsoft Visual Studio Solution File, Format Version 12.00
# Visual Studio Version 17
VisualStudioVersion = 17.4.33403.182
MinimumVisualStudioVersion = 10.0.40219.1
Project("{FAE04EC0-301F-11D3-BF4B-00C04F79EFBC}") = "GrandClickr", "GrandClickr\GrandClickr.csproj", "{582B9BD7-5D86-4370-AF6D-F6E5A6E4ADC8}"
EndProject
Global
	GlobalSection(SolutionConfigurationPlatforms) = preSolution
		Debug|Any CPU = Debug|Any CPU
		Release|Any CPU = Release|Any CPU
	EndGlobalSection
	GlobalSection(ProjectConfigurationPlatforms) = postSolution
		{582B9BD7-5D86-4370-AF6D-F6E5A6E4ADC8}.Debug|Any CPU.ActiveCfg = Debug|Any CPU
		{582B9BD7-5D86-4370-AF6D-F6E5A6E4ADC8}.Debug|Any CPU.Build.0 = Debug|Any CPU
		{582B9BD7-5D86-4370-AF6D-F6E5A6E4ADC8}.Release|Any CPU.ActiveCfg = Release|Any CPU
		{582B9BD7-5D86-4370-AF6D-F6E5A6E4ADC8}.Release|Any CPU.Build.0 = Release|Any CPU
	EndGlobalSection
	GlobalSection(SolutionProperties) = preSolution
		HideSolutionNode = FALSE
	EndGlobalSection
	GlobalSection(ExtensibilityGlobals) = postSolution
		SolutionGuid = {E2E75B6E-4FAF-4FD4-8D27-B919846F360F}
	EndGlobalSection
EndGlobal
